
Microsoft Visual Studio Solution File, Format Version 12.00
Project("{FAE04EC0-301F-11D3-BF4B-00C04F79EFBC}") = "api", "api\api.csproj", "{73A2A602-973A-45D7-90EC-31740E72FB42}"
EndProject
Global
	GlobalSection(SolutionConfigurationPlatforms) = preSolution
		Debug|Any CPU = Debug|Any CPU
		Release|Any CPU = Release|Any CPU
	EndGlobalSection
	GlobalSection(ProjectConfigurationPlatforms) = postSolution
		{73A2A602-973A-45D7-90EC-31740E72FB42}.Debug|Any CPU.ActiveCfg = Debug|Any CPU
		{73A2A602-973A-45D7-90EC-31740E72FB42}.Debug|Any CPU.Build.0 = Debug|Any CPU
		{73A2A602-973A-45D7-90EC-31740E72FB42}.Release|Any CPU.ActiveCfg = Release|Any CPU
		{73A2A602-973A-45D7-90EC-31740E72FB42}.Release|Any CPU.Build.0 = Release|Any CPU
	EndGlobalSection
EndGlobal
